Microsoft Visual Studio Solution File, Format Version 12.00
# Visual Studio Version 17
VisualStudioVersion = 17.5.2.0
MinimumVisualStudioVersion = 10.0.40219.1
Project("{FAE04EC0-301F-11D3-BF4B-00C04F79EFBC}") = "LaptopPowerMonitor", "LaptopPowerMonitor.csproj", "{817A5D09-E6FC-79D9-E787-3D3CC6B6DDAE}"
EndProject
Global
	GlobalSection(SolutionConfigurationPlatforms) = preSolution
		Debug|Any CPU = Debug|Any CPU
		Release|Any CPU = Release|Any CPU
	EndGlobalSection
	GlobalSection(ProjectConfigurationPlatforms) = postSolution
		{817A5D09-E6FC-79D9-E787-3D3CC6B6DDAE}.Debug|Any CPU.ActiveCfg = Debug|Any CPU
		{817A5D09-E6FC-79D9-E787-3D3CC6B6DDAE}.Debug|Any CPU.Build.0 = Debug|Any CPU
		{817A5D09-E6FC-79D9-E787-3D3CC6B6DDAE}.Release|Any CPU.ActiveCfg = Release|Any CPU
		{817A5D09-E6FC-79D9-E787-3D3CC6B6DDAE}.Release|Any CPU.Build.0 = Release|Any CPU
	EndGlobalSection
	GlobalSection(SolutionProperties) = preSolution
		HideSolutionNode = FALSE
	EndGlobalSection
	GlobalSection(ExtensibilityGlobals) = postSolution
		SolutionGuid = {C2962E05-5E0D-4CF6-8822-49E41550DBBF}
	EndGlobalSection
EndGlobal
